
Microsoft Visual Studio Solution File, Format Version 12.00
# Visual Studio Version 16
VisualStudioVersion = 16.0.29209.62
MinimumVisualStudioVersion = 10.0.40219.1
Project("{FAE04EC0-301F-11D3-BF4B-00C04F79EFBC}") = "Project1", "Project1\Project1.csproj", "{0102DC09-C8FB-455A-9118-D20F79767488}"
EndProject
Project("{FAE04EC0-301F-11D3-BF4B-00C04F79EFBC}") = "Project2", "Project2\Project2.csproj", "{23A2C785-99B3-45E1-A78B-5E659386ECD3}"
EndProject
Global
	GlobalSection(SolutionConfigurationPlatforms) = preSolution
		Debug|Any CPU = Debug|Any CPU
		Release|Any CPU = Release|Any CPU
	EndGlobalSection
	GlobalSection(ProjectConfigurationPlatforms) = postSolution
		{0102DC09-C8FB-455A-9118-D20F79767488}.Debug|Any CPU.ActiveCfg = Debug|Any CPU
		{0102DC09-C8FB-455A-9118-D20F79767488}.Debug|Any CPU.Build.0 = Debug|Any CPU
		{0102DC09-C8FB-455A-9118-D20F79767488}.Release|Any CPU.ActiveCfg = Release|Any CPU
		{0102DC09-C8FB-455A-9118-D20F79767488}.Release|Any CPU.Build.0 = Release|Any CPU
		{23A2C785-99B3-45E1-A78B-5E659386ECD3}.Debug|Any CPU.ActiveCfg = Debug|Any CPU
		{23A2C785-99B3-45E1-A78B-5E659386ECD3}.Debug|Any CPU.Build.0 = Debug|Any CPU
		{23A2C785-99B3-45E1-A78B-5E659386ECD3}.Release|Any CPU.ActiveCfg = Release|Any CPU
		{23A2C785-99B3-45E1-A78B-5E659386ECD3}.Release|Any CPU.Build.0 = Release|Any CPU
	EndGlobalSection
	GlobalSection(SolutionProperties) = preSolution
		HideSolutionNode = FALSE
	EndGlobalSection
	GlobalSection(ExtensibilityGlobals) = postSolution
		SolutionGuid = {533B3D3F-1F79-46AE-8080-B01F432578C5}
	EndGlobalSection
EndGlobal
